// !$*UTF8*$!
{
	archiveVersion = 1;
	classes = {
	};
	objectVersion = 51;
	objects = {

/* Begin PBXBuildFile section */
		8A6AA7ABD33538A8EC47165E /* Pods_cycle.framework in Frameworks */ = {isa = PBXBuildFile; fileRef = 2E458B9B1D0ACB1505025E4C /* Pods_cycle.framework */; };
		EF6864BF230664B300B039FA /* PretiffyDistance.swift in Sources */ = {isa = PBXBuildFile; fileRef = EF6864BE230664B300B039FA /* PretiffyDistance.swift */; };
		EF82A13B23039EEC001939B7 /* Activity.swift in Sources */ = {isa = PBXBuildFile; fileRef = EF82A13A23039EEC001939B7 /* Activity.swift */; };
		EF83F76D2305465B0082CDB8 /* MapViewController.swift in Sources */ = {isa = PBXBuildFile; fileRef = EF83F76C2305465B0082CDB8 /* MapViewController.swift */; };
		EF83F76F2305525F0082CDB8 /* SearchRouteViewController.swift in Sources */ = {isa = PBXBuildFile; fileRef = EF83F76E2305525F0082CDB8 /* SearchRouteViewController.swift */; };
		EFE0535523059F1C007DC359 /* SearchActivityViewController.swift in Sources */ = {isa = PBXBuildFile; fileRef = EFE0535423059F1C007DC359 /* SearchActivityViewController.swift */; };
		EFE11BF52304423600782142 /* Login.swift in Sources */ = {isa = PBXBuildFile; fileRef = EFE11BF42304423600782142 /* Login.swift */; };
		EFEE5DD52301575B0027F401 /* AppDelegate.swift in Sources */ = {isa = PBXBuildFile; fileRef = EFEE5DD42301575B0027F401 /* AppDelegate.swift */; };
		EFEE5DD72301575B0027F401 /* ViewController.swift in Sources */ = {isa = PBXBuildFile; fileRef = EFEE5DD62301575B0027F401 /* ViewController.swift */; };
		EFEE5DDA2301575B0027F401 /* Main.storyboard in Resources */ = {isa = PBXBuildFile; fileRef = EFEE5DD82301575B0027F401 /* Main.storyboard */; };
		EFEE5DDC2301575C0027F401 /* Assets.xcassets in Resources */ = {isa = PBXBuildFile; fileRef = EFEE5DDB2301575C0027F401 /* Assets.xcassets */; };
		EFEE5DDF2301575C0027F401 /* LaunchScreen.storyboard in Resources */ = {isa = PBXBuildFile; fileRef = EFEE5DDD2301575C0027F401 /* LaunchScreen.storyboard */; };
		EFF1265223068EAD0059A4BE /* GoogleService-Info.plist in Resources */ = {isa = PBXBuildFile; fileRef = EFF1265123068EAD0059A4BE /* GoogleService-Info.plist */; };
		EFF5FE322303FA9500F42319 /* User.swift in Sources */ = {isa = PBXBuildFile; fileRef = EFF5FE312303FA9500F42319 /* User.swift */; };
/* End PBXBuildFile section */

/* Begin PBXFileReference section */
		2E458B9B1D0ACB1505025E4C /* Pods_cycle.framework */ = {isa = PBXFileReference; explicitFileType = wrapper.framework; includeInIndex = 0; path = Pods_cycle.framework; sourceTree = BUILT_PRODUCTS_DIR; };
		64D32B79D8172905F0E2D7C7 /* Pods-cycle.debug.xcconfig */ = {isa = PBXFileReference; includeInIndex = 1; lastKnownFileType = text.xcconfig; name = "Pods-cycle.debug.xcconfig"; path = "Target Support Files/Pods-cycle/Pods-cycle.debug.xcconfig"; sourceTree = "<group>"; };
		704073F0987A14519897C3E8 /* Pods-cycle.release.xcconfig */ = {isa = PBXFileReference; includeInIndex = 1; lastKnownFileType = text.xcconfig; name = "Pods-cycle.release.xcconfig"; path = "Target Support Files/Pods-cycle/Pods-cycle.release.xcconfig"; sourceTree = "<group>"; };
		EF1EC614230255810011EA59 /* cycle.entitlements */ = {isa = PBXFileReference; lastKnownFileType = text.plist.entitlements; path = cycle.entitlements; sourceTree = "<group>"; };
		EF6864BE230664B300B039FA /* PretiffyDistance.swift */ = {isa = PBXFileReference; lastKnownFileType = sourcecode.swift; path = PretiffyDistance.swift; sourceTree = "<group>"; };
		EF82A13A23039EEC001939B7 /* Activity.swift */ = {isa = PBXFileReference; lastKnownFileType = sourcecode.swift; path = Activity.swift; sourceTree = "<group>"; };
		EF83F76C2305465B0082CDB8 /* MapViewController.swift */ = {isa = PBXFileReference; lastKnownFileType = sourcecode.swift; path = MapViewController.swift; sourceTree = "<group>"; };
		EF83F76E2305525F0082CDB8 /* SearchRouteViewController.swift */ = {isa = PBXFileReference; lastKnownFileType = sourcecode.swift; path = SearchRouteViewController.swift; sourceTree = "<group>"; };
		EFE0535423059F1C007DC359 /* SearchActivityViewController.swift */ = {isa = PBXFileReference; lastKnownFileType = sourcecode.swift; path = SearchActivityViewController.swift; sourceTree = "<group>"; };
		EFE11BF42304423600782142 /* Login.swift */ = {isa = PBXFileReference; lastKnownFileType = sourcecode.swift; path = Login.swift; sourceTree = "<group>"; };
		EFEE5DD12301575B0027F401 /* cycle.app */ = {isa = PBXFileReference; explicitFileType = wrapper.application; includeInIndex = 0; path = cycle.app; sourceTree = BUILT_PRODUCTS_DIR; };
		EFEE5DD42301575B0027F401 /* AppDelegate.swift */ = {isa = PBXFileReference; lastKnownFileType = sourcecode.swift; path = AppDelegate.swift; sourceTree = "<group>"; };
		EFEE5DD62301575B0027F401 /* ViewController.swift */ = {isa = PBXFileReference; lastKnownFileType = sourcecode.swift; path = ViewController.swift; sourceTree = "<group>"; };
		EFEE5DD92301575B0027F401 /* Base */ = {isa = PBXFileReference; lastKnownFileType = file.storyboard; name = Base; path = Base.lproj/Main.storyboard; sourceTree = "<group>"; };
		EFEE5DDB2301575C0027F401 /* Assets.xcassets */ = {isa = PBXFileReference; lastKnownFileType = folder.assetcatalog; path = Assets.xcassets; sourceTree = "<group>"; };
		EFEE5DDE2301575C0027F401 /* Base */ = {isa = PBXFileReference; lastKnownFileType = file.storyboard; name = Base; path = Base.lproj/LaunchScreen.storyboard; sourceTree = "<group>"; };
		EFEE5DE02301575C0027F401 /* Info.plist */ = {isa = PBXFileReference; lastKnownFileType = text.plist.xml; path = Info.plist; sourceTree = "<group>"; };
		EFF1265123068EAD0059A4BE /* GoogleService-Info.plist */ = {isa = PBXFileReference; fileEncoding = 4; lastKnownFileType = text.plist.xml; path = "GoogleService-Info.plist"; sourceTree = "<group>"; };
		EFF5FE312303FA9500F42319 /* User.swift */ = {isa = PBXFileReference; lastKnownFileType = sourcecode.swift; path = User.swift; sourceTree = "<group>"; };
/* End PBXFileReference section */

/* Begin PBXFrameworksBuildPhase section */
		EFEE5DCE2301575B0027F401 /* Frameworks */ = {
			isa = PBXFrameworksBuildPhase;
			buildActionMask = 2147483647;
			files = (
				8A6AA7ABD33538A8EC47165E /* Pods_cycle.framework in Frameworks */,
			);
			runOnlyForDeploymentPostprocessing = 0;
		};
/* End PBXFrameworksBuildPhase section */

/* Begin PBXGroup section */
		6BF146F74B034CBBD1B54B5E /* Frameworks */ = {
			isa = PBXGroup;
			children = (
				2E458B9B1D0ACB1505025E4C /* Pods_cycle.framework */,
			);
			name = Frameworks;
			sourceTree = "<group>";
		};
		9A1A0F3A43432EC568E83499 /* Pods */ = {
			isa = PBXGroup;
			children = (
				64D32B79D8172905F0E2D7C7 /* Pods-cycle.debug.xcconfig */,
				704073F0987A14519897C3E8 /* Pods-cycle.release.xcconfig */,
			);
			path = Pods;
			sourceTree = "<group>";
		};
		EF6864BD2306649E00B039FA /* Helper */ = {
			isa = PBXGroup;
			children = (
				EF6864BE230664B300B039FA /* PretiffyDistance.swift */,
			);
			path = Helper;
			sourceTree = "<group>";
		};
		EF82A13723039C4E001939B7 /* Model */ = {
			isa = PBXGroup;
			children = (
				EF82A13A23039EEC001939B7 /* Activity.swift */,
				EFF5FE312303FA9500F42319 /* User.swift */,
				EFE11BF42304423600782142 /* Login.swift */,
			);
			path = Model;
			sourceTree = "<group>";
		};
		EF83F76B230546370082CDB8 /* Controller */ = {
			isa = PBXGroup;
			children = (
				EFEE5DD62301575B0027F401 /* ViewController.swift */,
				EF83F76C2305465B0082CDB8 /* MapViewController.swift */,
				EF83F76E2305525F0082CDB8 /* SearchRouteViewController.swift */,
				EFE0535423059F1C007DC359 /* SearchActivityViewController.swift */,
			);
			path = Controller;
			sourceTree = "<group>";
		};
		EFEE5DC82301575B0027F401 = {
			isa = PBXGroup;
			children = (
				EF6864BD2306649E00B039FA /* Helper */,
				EF83F76B230546370082CDB8 /* Controller */,
				EF82A13723039C4E001939B7 /* Model */,
				EFEE5DD32301575B0027F401 /* cycle */,
				EFEE5DD22301575B0027F401 /* Products */,
				9A1A0F3A43432EC568E83499 /* Pods */,
				6BF146F74B034CBBD1B54B5E /* Frameworks */,
			);
			sourceTree = "<group>";
		};
		EFEE5DD22301575B0027F401 /* Products */ = {
			isa = PBXGroup;
			children = (
				EFEE5DD12301575B0027F401 /* cycle.app */,
			);
			name = Products;
			sourceTree = "<group>";
		};
		EFEE5DD32301575B0027F401 /* cycle */ = {
			isa = PBXGroup;
			children = (
				EF1EC614230255810011EA59 /* cycle.entitlements */,
				EFEE5DD42301575B0027F401 /* AppDelegate.swift */,
				EFEE5DD82301575B0027F401 /* Main.storyboard */,
				EFEE5DDB2301575C0027F401 /* Assets.xcassets */,
				EFEE5DDD2301575C0027F401 /* LaunchScreen.storyboard */,
				EFF1265123068EAD0059A4BE /* GoogleService-Info.plist */,
				EFEE5DE02301575C0027F401 /* Info.plist */,
			);
			path = cycle;
			sourceTree = "<group>";
		};
/* End PBXGroup section */

/* Begin PBXNativeTarget section */
		EFEE5DD02301575B0027F401 /* cycle */ = {
			isa = PBXNativeTarget;
			buildConfigurationList = EFEE5DE32301575C0027F401 /* Build configuration list for PBXNativeTarget "cycle" */;
			buildPhases = (
				E3627001BB8FB3429D231A15 /* [CP] Check Pods Manifest.lock */,
				EFEE5DCD2301575B0027F401 /* Sources */,
				EFEE5DCE2301575B0027F401 /* Frameworks */,
				EFEE5DCF2301575B0027F401 /* Resources */,
				F393E7B44D629FD7EA074151 /* [CP] Embed Pods Frameworks */,
			);
			buildRules = (
			);
			dependencies = (
			);
			name = cycle;
			productName = cycle;
			productReference = EFEE5DD12301575B0027F401 /* cycle.app */;
			productType = "com.apple.product-type.application";
		};
/* End PBXNativeTarget section */

/* Begin PBXProject section */
		EFEE5DC92301575B0027F401 /* Project object */ = {
			isa = PBXProject;
			attributes = {
				LastSwiftUpdateCheck = 1020;
				LastUpgradeCheck = 1020;
				ORGANIZATIONNAME = "boy setiawan";
				TargetAttributes = {
					EFEE5DD02301575B0027F401 = {
						CreatedOnToolsVersion = 10.2;
						SystemCapabilities = {
							com.apple.Keychain = {
								enabled = 1;
							};
						};
					};
				};
			};
			buildConfigurationList = EFEE5DCC2301575B0027F401 /* Build configuration list for PBXProject "cycle" */;
			compatibilityVersion = "Xcode 9.3";
			developmentRegion = en;
			hasScannedForEncodings = 0;
			knownRegions = (
				en,
				Base,
			);
			mainGroup = EFEE5DC82301575B0027F401;
			productRefGroup = EFEE5DD22301575B0027F401 /* Products */;
			projectDirPath = "";
			projectRoot = "";
			targets = (
				EFEE5DD02301575B0027F401 /* cycle */,
			);
		};
/* End PBXProject section */

/* Begin PBXResourcesBuildPhase section */
		EFEE5DCF2301575B0027F401 /* Resources */ = {
			isa = PBXResourcesBuildPhase;
			buildActionMask = 2147483647;
			files = (
				EFEE5DDF2301575C0027F401 /* LaunchScreen.storyboard in Resources */,
				EFF1265223068EAD0059A4BE /* GoogleService-Info.plist in Resources */,
				EFEE5DDC2301575C0027F401 /* Assets.xcassets in Resources */,
				EFEE5DDA2301575B0027F401 /* Main.storyboard in Resources */,
			);
			runOnlyForDeploymentPostprocessing = 0;
		};
/* End PBXResourcesBuildPhase section */

/* Begin PBXShellScriptBuildPhase section */
		E3627001BB8FB3429D231A15 /* [CP] Check Pods Manifest.lock */ = {
			isa = PBXShellScriptBuildPhase;
			buildActionMask = 2147483647;
			files = (
			);
			inputFileListPaths = (
			);
			inputPaths = (
				"${PODS_PODFILE_DIR_PATH}/Podfile.lock",
				"${PODS_ROOT}/Manifest.lock",
			);
			name = "[CP] Check Pods Manifest.lock";
			outputFileListPaths = (
			);
			outputPaths = (
				"$(DERIVED_FILE_DIR)/Pods-cycle-checkManifestLockResult.txt",
			);
			runOnlyForDeploymentPostprocessing = 0;
			shellPath = /bin/sh;
			shellScript = "diff \"${PODS_PODFILE_DIR_PATH}/Podfile.lock\" \"${PODS_ROOT}/Manifest.lock\" > /dev/null\nif [ $? != 0 ] ; then\n    # print error to STDERR\n    echo \"error: The sandbox is not in sync with the Podfile.lock. Run 'pod install' or update your CocoaPods installation.\" >&2\n    exit 1\nfi\n# This output is used by Xcode 'outputs' to avoid re-running this script phase.\necho \"SUCCESS\" > \"${SCRIPT_OUTPUT_FILE_0}\"\n";
			showEnvVarsInLog = 0;
		};
		F393E7B44D629FD7EA074151 /* [CP] Embed Pods Frameworks */ = {
			isa = PBXShellScriptBuildPhase;
			buildActionMask = 2147483647;
			files = (
			);
			inputFileListPaths = (
				"${PODS_ROOT}/Target Support Files/Pods-cycle/Pods-cycle-frameworks-${CONFIGURATION}-input-files.xcfilelist",
			);
			name = "[CP] Embed Pods Frameworks";
			outputFileListPaths = (
				"${PODS_ROOT}/Target Support Files/Pods-cycle/Pods-cycle-frameworks-${CONFIGURATION}-output-files.xcfilelist",
			);
			runOnlyForDeploymentPostprocessing = 0;
			shellPath = /bin/sh;
			shellScript = "\"${PODS_ROOT}/Target Support Files/Pods-cycle/Pods-cycle-frameworks.sh\"\n";
			showEnvVarsInLog = 0;
		};
/* End PBXShellScriptBuildPhase section */

/* Begin PBXSourcesBuildPhase section */
		EFEE5DCD2301575B0027F401 /* Sources */ = {
			isa = PBXSourcesBuildPhase;
			buildActionMask = 2147483647;
			files = (
				EF83F76F2305525F0082CDB8 /* SearchRouteViewController.swift in Sources */,
				EFF5FE322303FA9500F42319 /* User.swift in Sources */,
				EF83F76D2305465B0082CDB8 /* MapViewController.swift in Sources */,
				EFE0535523059F1C007DC359 /* SearchActivityViewController.swift in Sources */,
				EFE11BF52304423600782142 /* Login.swift in Sources */,
				EF6864BF230664B300B039FA /* PretiffyDistance.swift in Sources */,
				EFEE5DD72301575B0027F401 /* ViewController.swift in Sources */,
				EFEE5DD52301575B0027F401 /* AppDelegate.swift in Sources */,
				EF82A13B23039EEC001939B7 /* Activity.swift in Sources */,
			);
			runOnlyForDeploymentPostprocessing = 0;
		};
/* End PBXSourcesBuildPhase section */

/* Begin PBXVariantGroup section */
		EFEE5DD82301575B0027F401 /* Main.storyboard */ = {
			isa = PBXVariantGroup;
			children = (
				EFEE5DD92301575B0027F401 /* Base */,
			);
			name = Main.storyboard;
			sourceTree = "<group>";
		};
		EFEE5DDD2301575C0027F401 /* LaunchScreen.storyboard */ = {
			isa = PBXVariantGroup;
			children = (
				EFEE5DDE2301575C0027F401 /* Base */,
			);
			name = LaunchScreen.storyboard;
			sourceTree = "<group>";
		};
/* End PBXVariantGroup section */

/* Begin XCBuildConfiguration section */
		EFEE5DE12301575C0027F401 /* Debug */ = {
			isa = XCBuildConfiguration;
			buildSettings = {
				ALWAYS_SEARCH_USER_PATHS = NO;
				CLANG_ANALYZER_NONNULL = YES;
				CLANG_ANALYZER_NUMBER_OBJECT_CONVERSION = YES_AGGRESSIVE;
				CLANG_CXX_LANGUAGE_STANDARD = "gnu++14";
				CLANG_CXX_LIBRARY = "libc++";
				CLANG_ENABLE_MODULES = YES;
				CLANG_ENABLE_OBJC_ARC = YES;
				CLANG_ENABLE_OBJC_WEAK = YES;
				CLANG_WARN_BLOCK_CAPTURE_AUTORELEASING = YES;
				CLANG_WARN_BOOL_CONVERSION = YES;
				CLANG_WARN_COMMA = YES;
				CLANG_WARN_CONSTANT_CONVERSION = YES;
				CLANG_WARN_DEPRECATED_OBJC_IMPLEMENTATIONS = YES;
				CLANG_WARN_DIRECT_OBJC_ISA_USAGE = YES_ERROR;
				CLANG_WARN_DOCUMENTATION_COMMENTS = YES;
				CLANG_WARN_EMPTY_BODY = YES;
				CLANG_WARN_ENUM_CONVERSION = YES;
				CLANG_WARN_INFINITE_RECURSION = YES;
				CLANG_WARN_INT_CONVERSION = YES;
				CLANG_WARN_NON_LITERAL_NULL_CONVERSION = YES;
				CLANG_WARN_OBJC_IMPLICIT_RETAIN_SELF = YES;
				CLANG_WARN_OBJC_LITERAL_CONVERSION = YES;
				CLANG_WARN_OBJC_ROOT_CLASS = YES_ERROR;
				CLANG_WARN_RANGE_LOOP_ANALYSIS = YES;
				CLANG_WARN_STRICT_PROTOTYPES = YES;
				CLANG_WARN_SUSPICIOUS_MOVE = YES;
				CLANG_WARN_UNGUARDED_AVAILABILITY = YES_AGGRESSIVE;
				CLANG_WARN_UNREACHABLE_CODE = YES;
				CLANG_WARN__DUPLICATE_METHOD_MATCH = YES;
				CODE_SIGN_IDENTITY = "iPhone Developer";
				COPY_PHASE_STRIP = NO;
				DEBUG_INFORMATION_FORMAT = dwarf;
				ENABLE_STRICT_OBJC_MSGSEND = YES;
				ENABLE_TESTABILITY = YES;
				GCC_C_LANGUAGE_STANDARD = gnu11;
				GCC_DYNAMIC_NO_PIC = NO;
				GCC_NO_COMMON_BLOCKS = YES;
				GCC_OPTIMIZATION_LEVEL = 0;
				GCC_PREPROCESSOR_DEFINITIONS = (
					"DEBUG=1",
					"$(inherited)",
				);
				GCC_WARN_64_TO_32_BIT_CONVERSION = YES;
				GCC_WARN_ABOUT_RETURN_TYPE = YES_ERROR;
				GCC_WARN_UNDECLARED_SELECTOR = YES;
				GCC_WARN_UNINITIALIZED_AUTOS = YES_AGGRESSIVE;
				GCC_WARN_UNUSED_FUNCTION = YES;
				GCC_WARN_UNUSED_VARIABLE = YES;
				IPHONEOS_DEPLOYMENT_TARGET = 12.2;
				MTL_ENABLE_DEBUG_INFO = INCLUDE_SOURCE;
				MTL_FAST_MATH = YES;
				ONLY_ACTIVE_ARCH = YES;
				SDKROOT = iphoneos;
				SWIFT_ACTIVE_COMPILATION_CONDITIONS = DEBUG;
				SWIFT_OPTIMIZATION_LEVEL = "-Onone";
			};
			name = Debug;
		};
		EFEE5DE22301575C0027F401 /* Release */ = {
			isa = XCBuildConfiguration;
			buildSettings = {
				ALWAYS_SEARCH_USER_PATHS = NO;
				CLANG_ANALYZER_NONNULL = YES;
				CLANG_ANALYZER_NUMBER_OBJECT_CONVERSION = YES_AGGRESSIVE;
				CLANG_CXX_LANGUAGE_STANDARD = "gnu++14";
				CLANG_CXX_LIBRARY = "libc++";
				CLANG_ENABLE_MODULES = YES;
				CLANG_ENABLE_OBJC_ARC = YES;
				CLANG_ENABLE_OBJC_WEAK = YES;
				CLANG_WARN_BLOCK_CAPTURE_AUTORELEASING = YES;
				CLANG_WARN_BOOL_CONVERSION = YES;
				CLANG_WARN_COMMA = YES;
				CLANG_WARN_CONSTANT_CONVERSION = YES;
				CLANG_WARN_DEPRECATED_OBJC_IMPLEMENTATIONS = YES;
				CLANG_WARN_DIRECT_OBJC_ISA_USAGE = YES_ERROR;
				CLANG_WARN_DOCUMENTATION_COMMENTS = YES;
				CLANG_WARN_EMPTY_BODY = YES;
				CLANG_WARN_ENUM_CONVERSION = YES;
				CLANG_WARN_INFINITE_RECURSION = YES;
				CLANG_WARN_INT_CONVERSION = YES;
				CLANG_WARN_NON_LITERAL_NULL_CONVERSION = YES;
				CLANG_WARN_OBJC_IMPLICIT_RETAIN_SELF = YES;
				CLANG_WARN_OBJC_LITERAL_CONVERSION = YES;
				CLANG_WARN_OBJC_ROOT_CLASS = YES_ERROR;
				CLANG_WARN_RANGE_LOOP_ANALYSIS = YES;
				CLANG_WARN_STRICT_PROTOTYPES = YES;
				CLANG_WARN_SUSPICIOUS_MOVE = YES;
				CLANG_WARN_UNGUARDED_AVAILABILITY = YES_AGGRESSIVE;
				CLANG_WARN_UNREACHABLE_CODE = YES;
				CLANG_WARN__DUPLICATE_METHOD_MATCH = YES;
				CODE_SIGN_IDENTITY = "iPhone Developer";
				COPY_PHASE_STRIP = NO;
				DEBUG_INFORMATION_FORMAT = "dwarf-with-dsym";
				ENABLE_NS_ASSERTIONS = NO;
				ENABLE_STRICT_OBJC_MSGSEND = YES;
				GCC_C_LANGUAGE_STANDARD = gnu11;
				GCC_NO_COMMON_BLOCKS = YES;
				GCC_WARN_64_TO_32_BIT_CONVERSION = YES;
				GCC_WARN_ABOUT_RETURN_TYPE = YES_ERROR;
				GCC_WARN_UNDECLARED_SELECTOR = YES;
				GCC_WARN_UNINITIALIZED_AUTOS = YES_AGGRESSIVE;
				GCC_WARN_UNUSED_FUNCTION = YES;
				GCC_WARN_UNUSED_VARIABLE = YES;
				IPHONEOS_DEPLOYMENT_TARGET = 12.2;
				MTL_ENABLE_DEBUG_INFO = NO;
				MTL_FAST_MATH = YES;
				SDKROOT = iphoneos;
				SWIFT_COMPILATION_MODE = wholemodule;
				SWIFT_OPTIMIZATION_LEVEL = "-O";
				VALIDATE_PRODUCT = YES;
			};
			name = Release;
		};
		EFEE5DE42301575C0027F401 /* Debug */ = {
			isa = XCBuildConfiguration;
			baseConfigurationReference = 64D32B79D8172905F0E2D7C7 /* Pods-cycle.debug.xcconfig */;
			buildSettings = {
				ASSETCATALOG_COMPILER_APPICON_NAME = AppIcon;
				CODE_SIGN_ENTITLEMENTS = cycle/cycle.entitlements;
				CODE_SIGN_STYLE = Automatic;
				DEVELOPMENT_TEAM = NP7PUX36AY;
				INFOPLIST_FILE = cycle/Info.plist;
				LD_RUNPATH_SEARCH_PATHS = (
					"$(inherited)",
					"@executable_path/Frameworks",
				);
				PRODUCT_BUNDLE_IDENTIFIER = id.go.kemlu.cycle;
				PRODUCT_NAME = "$(TARGET_NAME)";
				SWIFT_VERSION = 5.0;
				TARGETED_DEVICE_FAMILY = "1,2";
			};
			name = Debug;
		};
		EFEE5DE52301575C0027F401 /* Release */ = {
			isa = XCBuildConfiguration;
			baseConfigurationReference = 704073F0987A14519897C3E8 /* Pods-cycle.release.xcconfig */;
			buildSettings = {
				ASSETCATALOG_COMPILER_APPICON_NAME = AppIcon;
				CODE_SIGN_ENTITLEMENTS = cycle/cycle.entitlements;
				CODE_SIGN_STYLE = Automatic;
				DEVELOPMENT_TEAM = NP7PUX36AY;
				INFOPLIST_FILE = cycle/Info.plist;
				LD_RUNPATH_SEARCH_PATHS = (
					"$(inherited)",
					"@executable_path/Frameworks",
				);
				PRODUCT_BUNDLE_IDENTIFIER = id.go.kemlu.cycle;
				PRODUCT_NAME = "$(TARGET_NAME)";
				SWIFT_VERSION = 5.0;
				TARGETED_DEVICE_FAMILY = "1,2";
			};
			name = Release;
		};
/* End XCBuildConfiguration section */

/* Begin XCConfigurationList section */
		EFEE5DCC2301575B0027F401 /* Build configuration list for PBXProject "cycle" */ = {
			isa = XCConfigurationList;
			buildConfigurations = (
				EFEE5DE12301575C0027F401 /* Debug */,
				EFEE5DE22301575C0027F401 /* Release */,
			);
			defaultConfigurationIsVisible = 0;
			defaultConfigurationName = Release;
		};
		EFEE5DE32301575C0027F401 /* Build configuration list for PBXNativeTarget "cycle" */ = {
			isa = XCConfigurationList;
			buildConfigurations = (
				EFEE5DE42301575C0027F401 /* Debug */,
				EFEE5DE52301575C0027F401 /* Release */,
			);
			defaultConfigurationIsVisible = 0;
			defaultConfigurationName = Release;
		};
/* End XCConfigurationList section */
	};
	rootObject = EFEE5DC92301575B0027F401 /* Project object */;
}
